
Microsoft Visual Studio Solution File, Format Version 12.00
# Visual Studio 15
VisualStudioVersion = 15.0.26124.0
MinimumVisualStudioVersion = 15.0.26124.0
Project("{F2A71F9B-5D33-465A-A702-920D77279786}") = "domain", "domain\domain.fsproj", "{D1D70342-CC48-439B-AC80-6DF932101DC0}"
EndProject
Project("{F2A71F9B-5D33-465A-A702-920D77279786}") = "workflows", "workflows\workflows.fsproj", "{495C1FA2-CE5B-4F4C-A8EC-E8AB56D69EA6}"
EndProject
Project("{F2A71F9B-5D33-465A-A702-920D77279786}") = "webapi", "webapi\webapi.fsproj", "{C4334346-F1C3-4A98-9B2D-5B64B0950E76}"
EndProject
Global
	GlobalSection(SolutionConfigurationPlatforms) = preSolution
		Debug|Any CPU = Debug|Any CPU
		Debug|x64 = Debug|x64
		Debug|x86 = Debug|x86
		Release|Any CPU = Release|Any CPU
		Release|x64 = Release|x64
		Release|x86 = Release|x86
	EndGlobalSection
	GlobalSection(SolutionProperties) = preSolution
		HideSolutionNode = FALSE
	EndGlobalSection
	GlobalSection(ProjectConfigurationPlatforms) = postSolution
		{D1D70342-CC48-439B-AC80-6DF932101DC0}.Debug|Any CPU.ActiveCfg = Debug|Any CPU
		{D1D70342-CC48-439B-AC80-6DF932101DC0}.Debug|Any CPU.Build.0 = Debug|Any CPU
		{D1D70342-CC48-439B-AC80-6DF932101DC0}.Debug|x64.ActiveCfg = Debug|Any CPU
		{D1D70342-CC48-439B-AC80-6DF932101DC0}.Debug|x64.Build.0 = Debug|Any CPU
		{D1D70342-CC48-439B-AC80-6DF932101DC0}.Debug|x86.ActiveCfg = Debug|Any CPU
		{D1D70342-CC48-439B-AC80-6DF932101DC0}.Debug|x86.Build.0 = Debug|Any CPU
		{D1D70342-CC48-439B-AC80-6DF932101DC0}.Release|Any CPU.ActiveCfg = Release|Any CPU
		{D1D70342-CC48-439B-AC80-6DF932101DC0}.Release|Any CPU.Build.0 = Release|Any CPU
		{D1D70342-CC48-439B-AC80-6DF932101DC0}.Release|x64.ActiveCfg = Release|Any CPU
		{D1D70342-CC48-439B-AC80-6DF932101DC0}.Release|x64.Build.0 = Release|Any CPU
		{D1D70342-CC48-439B-AC80-6DF932101DC0}.Release|x86.ActiveCfg = Release|Any CPU
		{D1D70342-CC48-439B-AC80-6DF932101DC0}.Release|x86.Build.0 = Release|Any CPU
		{495C1FA2-CE5B-4F4C-A8EC-E8AB56D69EA6}.Debug|Any CPU.ActiveCfg = Debug|Any CPU
		{495C1FA2-CE5B-4F4C-A8EC-E8AB56D69EA6}.Debug|Any CPU.Build.0 = Debug|Any CPU
		{495C1FA2-CE5B-4F4C-A8EC-E8AB56D69EA6}.Debug|x64.ActiveCfg = Debug|Any CPU
		{495C1FA2-CE5B-4F4C-A8EC-E8AB56D69EA6}.Debug|x64.Build.0 = Debug|Any CPU
		{495C1FA2-CE5B-4F4C-A8EC-E8AB56D69EA6}.Debug|x86.ActiveCfg = Debug|Any CPU
		{495C1FA2-CE5B-4F4C-A8EC-E8AB56D69EA6}.Debug|x86.Build.0 = Debug|Any CPU
		{495C1FA2-CE5B-4F4C-A8EC-E8AB56D69EA6}.Release|Any CPU.ActiveCfg = Release|Any CPU
		{495C1FA2-CE5B-4F4C-A8EC-E8AB56D69EA6}.Release|Any CPU.Build.0 = Release|Any CPU
		{495C1FA2-CE5B-4F4C-A8EC-E8AB56D69EA6}.Release|x64.ActiveCfg = Release|Any CPU
		{495C1FA2-CE5B-4F4C-A8EC-E8AB56D69EA6}.Release|x64.Build.0 = Release|Any CPU
		{495C1FA2-CE5B-4F4C-A8EC-E8AB56D69EA6}.Release|x86.ActiveCfg = Release|Any CPU
		{495C1FA2-CE5B-4F4C-A8EC-E8AB56D69EA6}.Release|x86.Build.0 = Release|Any CPU
		{C4334346-F1C3-4A98-9B2D-5B64B0950E76}.Debug|Any CPU.ActiveCfg = Debug|Any CPU
		{C4334346-F1C3-4A98-9B2D-5B64B0950E76}.Debug|Any CPU.Build.0 = Debug|Any CPU
		{C4334346-F1C3-4A98-9B2D-5B64B0950E76}.Debug|x64.ActiveCfg = Debug|Any CPU
		{C4334346-F1C3-4A98-9B2D-5B64B0950E76}.Debug|x64.Build.0 = Debug|Any CPU
		{C4334346-F1C3-4A98-9B2D-5B64B0950E76}.Debug|x86.ActiveCfg = Debug|Any CPU
		{C4334346-F1C3-4A98-9B2D-5B64B0950E76}.Debug|x86.Build.0 = Debug|Any CPU
		{C4334346-F1C3-4A98-9B2D-5B64B0950E76}.Release|Any CPU.ActiveCfg = Release|Any CPU
		{C4334346-F1C3-4A98-9B2D-5B64B0950E76}.Release|Any CPU.Build.0 = Release|Any CPU
		{C4334346-F1C3-4A98-9B2D-5B64B0950E76}.Release|x64.ActiveCfg = Release|Any CPU
		{C4334346-F1C3-4A98-9B2D-5B64B0950E76}.Release|x64.Build.0 = Release|Any CPU
		{C4334346-F1C3-4A98-9B2D-5B64B0950E76}.Release|x86.ActiveCfg = Release|Any CPU
		{C4334346-F1C3-4A98-9B2D-5B64B0950E76}.Release|x86.Build.0 = Release|Any CPU
	EndGlobalSection
EndGlobal
